// !$*UTF8*$!
{
	archiveVersion = 1;
	classes = {
	};
	objectVersion = 56;
	objects = {

/* Begin PBXBuildFile section */
		6011DD4E2C58C7C200CC5975 /* ECommerceLikeApp.swift in Sources */ = {isa = PBXBuildFile; fileRef = 6011DD4D2C58C7C200CC5975 /* ECommerceLikeApp.swift */; };
		6011DD502C58C7C200CC5975 /* ContentView.swift in Sources */ = {isa = PBXBuildFile; fileRef = 6011DD4F2C58C7C200CC5975 /* ContentView.swift */; };
		6011DD522C58C7C400CC5975 /* Assets.xcassets in Resources */ = {isa = PBXBuildFile; fileRef = 6011DD512C58C7C400CC5975 /* Assets.xcassets */; };
		6011DD562C58C7C400CC5975 /* Preview Assets.xcassets in Resources */ = {isa = PBXBuildFile; fileRef = 6011DD552C58C7C400CC5975 /* Preview Assets.xcassets */; };
		6011DD632C58C85D00CC5975 /* OnBoardingScreen.swift in Sources */ = {isa = PBXBuildFile; fileRef = 6011DD622C58C85D00CC5975 /* OnBoardingScreen.swift */; };
		6011DD652C58C86A00CC5975 /* ProductDetailScreen.swift in Sources */ = {isa = PBXBuildFile; fileRef = 6011DD642C58C86A00CC5975 /* ProductDetailScreen.swift */; };
		6011DD672C58C87300CC5975 /* DashboardScreen.swift in Sources */ = {isa = PBXBuildFile; fileRef = 6011DD662C58C87300CC5975 /* DashboardScreen.swift */; };
		6011DD6A2C58CD1C00CC5975 /* DashboardHeaderView.swift in Sources */ = {isa = PBXBuildFile; fileRef = 6011DD692C58CD1C00CC5975 /* DashboardHeaderView.swift */; };
		6011DD6C2C58CE8700CC5975 /* DashboardSearchView.swift in Sources */ = {isa = PBXBuildFile; fileRef = 6011DD6B2C58CE8700CC5975 /* DashboardSearchView.swift */; };
		6011DD6E2C58D06B00CC5975 /* ShuffleCard.swift in Sources */ = {isa = PBXBuildFile; fileRef = 6011DD6D2C58D06B00CC5975 /* ShuffleCard.swift */; };
		6011DD702C58D4BA00CC5975 /* DashboardBrandCarousel.swift in Sources */ = {isa = PBXBuildFile; fileRef = 6011DD6F2C58D4BA00CC5975 /* DashboardBrandCarousel.swift */; };
		6011DD732C58D73F00CC5975 /* Product.swift in Sources */ = {isa = PBXBuildFile; fileRef = 6011DD722C58D73F00CC5975 /* Product.swift */; };
		6011DD772C58E18700CC5975 /* DashboardNewArrivalView.swift in Sources */ = {isa = PBXBuildFile; fileRef = 6011DD762C58E18700CC5975 /* DashboardNewArrivalView.swift */; };
/* End PBXBuildFile section */

/* Begin PBXFileReference section */
		6011DD4A2C58C7C200CC5975 /* ECommerceLike.app */ = {isa = PBXFileReference; explicitFileType = wrapper.application; includeInIndex = 0; path = ECommerceLike.app; sourceTree = BUILT_PRODUCTS_DIR; };
		6011DD4D2C58C7C200CC5975 /* ECommerceLikeApp.swift */ = {isa = PBXFileReference; lastKnownFileType = sourcecode.swift; path = ECommerceLikeApp.swift; sourceTree = "<group>"; };
		6011DD4F2C58C7C200CC5975 /* ContentView.swift */ = {isa = PBXFileReference; lastKnownFileType = sourcecode.swift; path = ContentView.swift; sourceTree = "<group>"; };
		6011DD512C58C7C400CC5975 /* Assets.xcassets */ = {isa = PBXFileReference; lastKnownFileType = folder.assetcatalog; path = Assets.xcassets; sourceTree = "<group>"; };
		6011DD532C58C7C400CC5975 /* ECommerceLike.entitlements */ = {isa = PBXFileReference; lastKnownFileType = text.plist.entitlements; path = ECommerceLike.entitlements; sourceTree = "<group>"; };
		6011DD552C58C7C400CC5975 /* Preview Assets.xcassets */ = {isa = PBXFileReference; lastKnownFileType = folder.assetcatalog; path = "Preview Assets.xcassets"; sourceTree = "<group>"; };
		6011DD622C58C85D00CC5975 /* OnBoardingScreen.swift */ = {isa = PBXFileReference; lastKnownFileType = sourcecode.swift; path = OnBoardingScreen.swift; sourceTree = "<group>"; };
		6011DD642C58C86A00CC5975 /* ProductDetailScreen.swift */ = {isa = PBXFileReference; lastKnownFileType = sourcecode.swift; path = ProductDetailScreen.swift; sourceTree = "<group>"; };
		6011DD662C58C87300CC5975 /* DashboardScreen.swift */ = {isa = PBXFileReference; lastKnownFileType = sourcecode.swift; path = DashboardScreen.swift; sourceTree = "<group>"; };
		6011DD692C58CD1C00CC5975 /* DashboardHeaderView.swift */ = {isa = PBXFileReference; lastKnownFileType = sourcecode.swift; path = DashboardHeaderView.swift; sourceTree = "<group>"; };
		6011DD6B2C58CE8700CC5975 /* DashboardSearchView.swift */ = {isa = PBXFileReference; lastKnownFileType = sourcecode.swift; path = DashboardSearchView.swift; sourceTree = "<group>"; };
		6011DD6D2C58D06B00CC5975 /* ShuffleCard.swift */ = {isa = PBXFileReference; lastKnownFileType = sourcecode.swift; path = ShuffleCard.swift; sourceTree = "<group>"; };
		6011DD6F2C58D4BA00CC5975 /* DashboardBrandCarousel.swift */ = {isa = PBXFileReference; lastKnownFileType = sourcecode.swift; path = DashboardBrandCarousel.swift; sourceTree = "<group>"; };
		6011DD722C58D73F00CC5975 /* Product.swift */ = {isa = PBXFileReference; lastKnownFileType = sourcecode.swift; path = Product.swift; sourceTree = "<group>"; };
		6011DD762C58E18700CC5975 /* DashboardNewArrivalView.swift */ = {isa = PBXFileReference; lastKnownFileType = sourcecode.swift; path = DashboardNewArrivalView.swift; sourceTree = "<group>"; };
/* End PBXFileReference section */

/* Begin PBXFrameworksBuildPhase section */
		6011DD472C58C7C200CC5975 /* Frameworks */ = {
			isa = PBXFrameworksBuildPhase;
			buildActionMask = 2147483647;
			files = (
			);
			runOnlyForDeploymentPostprocessing = 0;
		};
/* End PBXFrameworksBuildPhase section */

/* Begin PBXGroup section */
		6011DD412C58C7C200CC5975 = {
			isa = PBXGroup;
			children = (
				6011DD4C2C58C7C200CC5975 /* ECommerceLike */,
				6011DD4B2C58C7C200CC5975 /* Products */,
			);
			sourceTree = "<group>";
		};
		6011DD4B2C58C7C200CC5975 /* Products */ = {
			isa = PBXGroup;
			children = (
				6011DD4A2C58C7C200CC5975 /* ECommerceLike.app */,
			);
			name = Products;
			sourceTree = "<group>";
		};
		6011DD4C2C58C7C200CC5975 /* ECommerceLike */ = {
			isa = PBXGroup;
			children = (
				6011DD712C58D73300CC5975 /* Model */,
				6011DD5E2C58C82000CC5975 /* Utils */,
				6011DD5C2C58C81300CC5975 /* Core */,
				6011DD4D2C58C7C200CC5975 /* ECommerceLikeApp.swift */,
				6011DD4F2C58C7C200CC5975 /* ContentView.swift */,
				6011DD512C58C7C400CC5975 /* Assets.xcassets */,
				6011DD532C58C7C400CC5975 /* ECommerceLike.entitlements */,
				6011DD542C58C7C400CC5975 /* Preview Content */,
			);
			path = ECommerceLike;
			sourceTree = "<group>";
		};
		6011DD542C58C7C400CC5975 /* Preview Content */ = {
			isa = PBXGroup;
			children = (
				6011DD552C58C7C400CC5975 /* Preview Assets.xcassets */,
			);
			path = "Preview Content";
			sourceTree = "<group>";
		};
		6011DD5C2C58C81300CC5975 /* Core */ = {
			isa = PBXGroup;
			children = (
				6011DD5D2C58C81800CC5975 /* Screens */,
			);
			path = Core;
			sourceTree = "<group>";
		};
		6011DD5D2C58C81800CC5975 /* Screens */ = {
			isa = PBXGroup;
			children = (
				6011DD612C58C84600CC5975 /* OnBoarding */,
				6011DD602C58C84000CC5975 /* ProductDetail */,
				6011DD5F2C58C83900CC5975 /* Dashboard */,
			);
			path = Screens;
			sourceTree = "<group>";
		};
		6011DD5E2C58C82000CC5975 /* Utils */ = {
			isa = PBXGroup;
			children = (
			);
			path = Utils;
			sourceTree = "<group>";
		};
		6011DD5F2C58C83900CC5975 /* Dashboard */ = {
			isa = PBXGroup;
			children = (
				6011DD682C58CD0C00CC5975 /* Components */,
				6011DD662C58C87300CC5975 /* DashboardScreen.swift */,
			);
			path = Dashboard;
			sourceTree = "<group>";
		};
		6011DD602C58C84000CC5975 /* ProductDetail */ = {
			isa = PBXGroup;
			children = (
				6011DD642C58C86A00CC5975 /* ProductDetailScreen.swift */,
			);
			path = ProductDetail;
			sourceTree = "<group>";
		};
		6011DD612C58C84600CC5975 /* OnBoarding */ = {
			isa = PBXGroup;
			children = (
				6011DD622C58C85D00CC5975 /* OnBoardingScreen.swift */,
			);
			path = OnBoarding;
			sourceTree = "<group>";
		};
		6011DD682C58CD0C00CC5975 /* Components */ = {
			isa = PBXGroup;
			children = (
				6011DD692C58CD1C00CC5975 /* DashboardHeaderView.swift */,
				6011DD6B2C58CE8700CC5975 /* DashboardSearchView.swift */,
				6011DD6D2C58D06B00CC5975 /* ShuffleCard.swift */,
				6011DD6F2C58D4BA00CC5975 /* DashboardBrandCarousel.swift */,
				6011DD762C58E18700CC5975 /* DashboardNewArrivalView.swift */,
			);
			path = Components;
			sourceTree = "<group>";
		};
		6011DD712C58D73300CC5975 /* Model */ = {
			isa = PBXGroup;
			children = (
				6011DD722C58D73F00CC5975 /* Product.swift */,
			);
			path = Model;
			sourceTree = "<group>";
		};
/* End PBXGroup section */

/* Begin PBXNativeTarget section */
		6011DD492C58C7C200CC5975 /* ECommerceLike */ = {
			isa = PBXNativeTarget;
			buildConfigurationList = 6011DD592C58C7C400CC5975 /* Build configuration list for PBXNativeTarget "ECommerceLike" */;
			buildPhases = (
				6011DD462C58C7C200CC5975 /* Sources */,
				6011DD472C58C7C200CC5975 /* Frameworks */,
				6011DD482C58C7C200CC5975 /* Resources */,
			);
			buildRules = (
			);
			dependencies = (
			);
			name = ECommerceLike;
			productName = ECommerceLike;
			productReference = 6011DD4A2C58C7C200CC5975 /* ECommerceLike.app */;
			productType = "com.apple.product-type.application";
		};
/* End PBXNativeTarget section */

/* Begin PBXProject section */
		6011DD422C58C7C200CC5975 /* Project object */ = {
			isa = PBXProject;
			attributes = {
				BuildIndependentTargetsInParallel = 1;
				LastSwiftUpdateCheck = 1540;
				LastUpgradeCheck = 1540;
				TargetAttributes = {
					6011DD492C58C7C200CC5975 = {
						CreatedOnToolsVersion = 15.4;
					};
				};
			};
			buildConfigurationList = 6011DD452C58C7C200CC5975 /* Build configuration list for PBXProject "ECommerceLike" */;
			compatibilityVersion = "Xcode 14.0";
			developmentRegion = en;
			hasScannedForEncodings = 0;
			knownRegions = (
				en,
				Base,
			);
			mainGroup = 6011DD412C58C7C200CC5975;
			productRefGroup = 6011DD4B2C58C7C200CC5975 /* Products */;
			projectDirPath = "";
			projectRoot = "";
			targets = (
				6011DD492C58C7C200CC5975 /* ECommerceLike */,
			);
		};
/* End PBXProject section */

/* Begin PBXResourcesBuildPhase section */
		6011DD482C58C7C200CC5975 /* Resources */ = {
			isa = PBXResourcesBuildPhase;
			buildActionMask = 2147483647;
			files = (
				6011DD562C58C7C400CC5975 /* Preview Assets.xcassets in Resources */,
				6011DD522C58C7C400CC5975 /* Assets.xcassets in Resources */,
			);
			runOnlyForDeploymentPostprocessing = 0;
		};
/* End PBXResourcesBuildPhase section */

/* Begin PBXSourcesBuildPhase section */
		6011DD462C58C7C200CC5975 /* Sources */ = {
			isa = PBXSourcesBuildPhase;
			buildActionMask = 2147483647;
			files = (
				6011DD652C58C86A00CC5975 /* ProductDetailScreen.swift in Sources */,
				6011DD6C2C58CE8700CC5975 /* DashboardSearchView.swift in Sources */,
				6011DD772C58E18700CC5975 /* DashboardNewArrivalView.swift in Sources */,
				6011DD702C58D4BA00CC5975 /* DashboardBrandCarousel.swift in Sources */,
				6011DD632C58C85D00CC5975 /* OnBoardingScreen.swift in Sources */,
				6011DD6E2C58D06B00CC5975 /* ShuffleCard.swift in Sources */,
				6011DD502C58C7C200CC5975 /* ContentView.swift in Sources */,
				6011DD4E2C58C7C200CC5975 /* ECommerceLikeApp.swift in Sources */,
				6011DD732C58D73F00CC5975 /* Product.swift in Sources */,
				6011DD6A2C58CD1C00CC5975 /* DashboardHeaderView.swift in Sources */,
				6011DD672C58C87300CC5975 /* DashboardScreen.swift in Sources */,
			);
			runOnlyForDeploymentPostprocessing = 0;
		};
/* End PBXSourcesBuildPhase section */

/* Begin XCBuildConfiguration section */
		6011DD572C58C7C400CC5975 /* Debug */ = {
			isa = XCBuildConfiguration;
			buildSettings = {
				ALWAYS_SEARCH_USER_PATHS = NO;
				ASSETCATALOG_COMPILER_GENERATE_SWIFT_ASSET_SYMBOL_EXTENSIONS = YES;
				CLANG_ANALYZER_NONNULL = YES;
				CLANG_ANALYZER_NUMBER_OBJECT_CONVERSION = YES_AGGRESSIVE;
				CLANG_CXX_LANGUAGE_STANDARD = "gnu++20";
				CLANG_ENABLE_MODULES = YES;
				CLANG_ENABLE_OBJC_ARC = YES;
				CLANG_ENABLE_OBJC_WEAK = YES;
				CLANG_WARN_BLOCK_CAPTURE_AUTORELEASING = YES;
				CLANG_WARN_BOOL_CONVERSION = YES;
				CLANG_WARN_COMMA = YES;
				CLANG_WARN_CONSTANT_CONVERSION = YES;
				CLANG_WARN_DEPRECATED_OBJC_IMPLEMENTATIONS = YES;
				CLANG_WARN_DIRECT_OBJC_ISA_USAGE = YES_ERROR;
				CLANG_WARN_DOCUMENTATION_COMMENTS = YES;
				CLANG_WARN_EMPTY_BODY = YES;
				CLANG_WARN_ENUM_CONVERSION = YES;
				CLANG_WARN_INFINITE_RECURSION = YES;
				CLANG_WARN_INT_CONVERSION = YES;
				CLANG_WARN_NON_LITERAL_NULL_CONVERSION = YES;
				CLANG_WARN_OBJC_IMPLICIT_RETAIN_SELF = YES;
				CLANG_WARN_OBJC_LITERAL_CONVERSION = YES;
				CLANG_WARN_OBJC_ROOT_CLASS = YES_ERROR;
				CLANG_WARN_QUOTED_INCLUDE_IN_FRAMEWORK_HEADER = YES;
				CLANG_WARN_RANGE_LOOP_ANALYSIS = YES;
				CLANG_WARN_STRICT_PROTOTYPES = YES;
				CLANG_WARN_SUSPICIOUS_MOVE = YES;
				CLANG_WARN_UNGUARDED_AVAILABILITY = YES_AGGRESSIVE;
				CLANG_WARN_UNREACHABLE_CODE = YES;
				CLANG_WARN__DUPLICATE_METHOD_MATCH = YES;
				COPY_PHASE_STRIP = NO;
				DEBUG_INFORMATION_FORMAT = dwarf;
				ENABLE_STRICT_OBJC_MSGSEND = YES;
				ENABLE_TESTABILITY = YES;
				ENABLE_USER_SCRIPT_SANDBOXING = YES;
				GCC_C_LANGUAGE_STANDARD = gnu17;
				GCC_DYNAMIC_NO_PIC = NO;
				GCC_NO_COMMON_BLOCKS = YES;
				GCC_OPTIMIZATION_LEVEL = 0;
				GCC_PREPROCESSOR_DEFINITIONS = (
					"DEBUG=1",
					"$(inherited)",
				);
				GCC_WARN_64_TO_32_BIT_CONVERSION = YES;
				GCC_WARN_ABOUT_RETURN_TYPE = YES_ERROR;
				GCC_WARN_UNDECLARED_SELECTOR = YES;
				GCC_WARN_UNINITIALIZED_AUTOS = YES_AGGRESSIVE;
				GCC_WARN_UNUSED_FUNCTION = YES;
				GCC_WARN_UNUSED_VARIABLE = YES;
				LOCALIZATION_PREFERS_STRING_CATALOGS = YES;
				MTL_ENABLE_DEBUG_INFO = INCLUDE_SOURCE;
				MTL_FAST_MATH = YES;
				ONLY_ACTIVE_ARCH = YES;
				SWIFT_ACTIVE_COMPILATION_CONDITIONS = "DEBUG $(inherited)";
				SWIFT_OPTIMIZATION_LEVEL = "-Onone";
			};
			name = Debug;
		};
		6011DD582C58C7C400CC5975 /* Release */ = {
			isa = XCBuildConfiguration;
			buildSettings = {
				ALWAYS_SEARCH_USER_PATHS = NO;
				ASSETCATALOG_COMPILER_GENERATE_SWIFT_ASSET_SYMBOL_EXTENSIONS = YES;
				CLANG_ANALYZER_NONNULL = YES;
				CLANG_ANALYZER_NUMBER_OBJECT_CONVERSION = YES_AGGRESSIVE;
				CLANG_CXX_LANGUAGE_STANDARD = "gnu++20";
				CLANG_ENABLE_MODULES = YES;
				CLANG_ENABLE_OBJC_ARC = YES;
				CLANG_ENABLE_OBJC_WEAK = YES;
				CLANG_WARN_BLOCK_CAPTURE_AUTORELEASING = YES;
				CLANG_WARN_BOOL_CONVERSION = YES;
				CLANG_WARN_COMMA = YES;
				CLANG_WARN_CONSTANT_CONVERSION = YES;
				CLANG_WARN_DEPRECATED_OBJC_IMPLEMENTATIONS = YES;
				CLANG_WARN_DIRECT_OBJC_ISA_USAGE = YES_ERROR;
				CLANG_WARN_DOCUMENTATION_COMMENTS = YES;
				CLANG_WARN_EMPTY_BODY = YES;
				CLANG_WARN_ENUM_CONVERSION = YES;
				CLANG_WARN_INFINITE_RECURSION = YES;
				CLANG_WARN_INT_CONVERSION = YES;
				CLANG_WARN_NON_LITERAL_NULL_CONVERSION = YES;
				CLANG_WARN_OBJC_IMPLICIT_RETAIN_SELF = YES;
				CLANG_WARN_OBJC_LITERAL_CONVERSION = YES;
				CLANG_WARN_OBJC_ROOT_CLASS = YES_ERROR;
				CLANG_WARN_QUOTED_INCLUDE_IN_FRAMEWORK_HEADER = YES;
				CLANG_WARN_RANGE_LOOP_ANALYSIS = YES;
				CLANG_WARN_STRICT_PROTOTYPES = YES;
				CLANG_WARN_SUSPICIOUS_MOVE = YES;
				CLANG_WARN_UNGUARDED_AVAILABILITY = YES_AGGRESSIVE;
				CLANG_WARN_UNREACHABLE_CODE = YES;
				CLANG_WARN__DUPLICATE_METHOD_MATCH = YES;
				COPY_PHASE_STRIP = NO;
				DEBUG_INFORMATION_FORMAT = "dwarf-with-dsym";
				ENABLE_NS_ASSERTIONS = NO;
				ENABLE_STRICT_OBJC_MSGSEND = YES;
				ENABLE_USER_SCRIPT_SANDBOXING = YES;
				GCC_C_LANGUAGE_STANDARD = gnu17;
				GCC_NO_COMMON_BLOCKS = YES;
				GCC_WARN_64_TO_32_BIT_CONVERSION = YES;
				GCC_WARN_ABOUT_RETURN_TYPE = YES_ERROR;
				GCC_WARN_UNDECLARED_SELECTOR = YES;
				GCC_WARN_UNINITIALIZED_AUTOS = YES_AGGRESSIVE;
				GCC_WARN_UNUSED_FUNCTION = YES;
				GCC_WARN_UNUSED_VARIABLE = YES;
				LOCALIZATION_PREFERS_STRING_CATALOGS = YES;
				MTL_ENABLE_DEBUG_INFO = NO;
				MTL_FAST_MATH = YES;
				SWIFT_COMPILATION_MODE = wholemodule;
			};
			name = Release;
		};
		6011DD5A2C58C7C400CC5975 /* Debug */ = {
			isa = XCBuildConfiguration;
			buildSettings = {
				ASSETCATALOG_COMPILER_APPICON_NAME = AppIcon;
				ASSETCATALOG_COMPILER_GLOBAL_ACCENT_COLOR_NAME = AccentColor;
				CODE_SIGN_ENTITLEMENTS = ECommerceLike/ECommerceLike.entitlements;
				CODE_SIGN_STYLE = Automatic;
				CURRENT_PROJECT_VERSION = 1;
				DEVELOPMENT_ASSET_PATHS = "\"ECommerceLike/Preview Content\"";
				DEVELOPMENT_TEAM = NUP9G5V5V5;
				ENABLE_HARDENED_RUNTIME = YES;
				ENABLE_PREVIEWS = YES;
				GENERATE_INFOPLIST_FILE = YES;
				"INFOPLIST_KEY_UIApplicationSceneManifest_Generation[sdk=iphoneos*]" = YES;
				"INFOPLIST_KEY_UIApplicationSceneManifest_Generation[sdk=iphonesimulator*]" = YES;
				"INFOPLIST_KEY_UIApplicationSupportsIndirectInputEvents[sdk=iphoneos*]" = YES;
				"INFOPLIST_KEY_UIApplicationSupportsIndirectInputEvents[sdk=iphonesimulator*]" = YES;
				"INFOPLIST_KEY_UILaunchScreen_Generation[sdk=iphoneos*]" = YES;
				"INFOPLIST_KEY_UILaunchScreen_Generation[sdk=iphonesimulator*]" = YES;
				"INFOPLIST_KEY_UIStatusBarStyle[sdk=iphoneos*]" = UIStatusBarStyleDefault;
				"INFOPLIST_KEY_UIStatusBarStyle[sdk=iphonesimulator*]" = UIStatusBarStyleDefault;
				INFOPLIST_KEY_UISupportedInterfaceOrientations = UIInterfaceOrientationPortrait;
				INFOPLIST_KEY_UISupportedInterfaceOrientations_iPad = "UIInterfaceOrientationLandscapeLeft UIInterfaceOrientationLandscapeRight UIInterfaceOrientationPortrait UIInterfaceOrientationPortraitUpsideDown";
				IPHONEOS_DEPLOYMENT_TARGET = 17.5;
				LD_RUNPATH_SEARCH_PATHS = "@executable_path/Frameworks";
				"LD_RUNPATH_SEARCH_PATHS[sdk=macosx*]" = "@executable_path/../Frameworks";
				MACOSX_DEPLOYMENT_TARGET = 14.5;
				MARKETING_VERSION = 1.0;
				PRODUCT_BUNDLE_IDENTIFIER = leowirasanto.ECommerceLike;
				PRODUCT_NAME = "$(TARGET_NAME)";
				SDKROOT = auto;
				SUPPORTED_PLATFORMS = "iphoneos iphonesimulator";
				SUPPORTS_MACCATALYST = NO;
				SWIFT_EMIT_LOC_STRINGS = YES;
				SWIFT_VERSION = 5.0;
				TARGETED_DEVICE_FAMILY = 1;
			};
			name = Debug;
		};
		6011DD5B2C58C7C400CC5975 /* Release */ = {
			isa = XCBuildConfiguration;
			buildSettings = {
				ASSETCATALOG_COMPILER_APPICON_NAME = AppIcon;
				ASSETCATALOG_COMPILER_GLOBAL_ACCENT_COLOR_NAME = AccentColor;
				CODE_SIGN_ENTITLEMENTS = ECommerceLike/ECommerceLike.entitlements;
				CODE_SIGN_STYLE = Automatic;
				CURRENT_PROJECT_VERSION = 1;
				DEVELOPMENT_ASSET_PATHS = "\"ECommerceLike/Preview Content\"";
				DEVELOPMENT_TEAM = NUP9G5V5V5;
				ENABLE_HARDENED_RUNTIME = YES;
				ENABLE_PREVIEWS = YES;
				GENERATE_INFOPLIST_FILE = YES;
				"INFOPLIST_KEY_UIApplicationSceneManifest_Generation[sdk=iphoneos*]" = YES;
				"INFOPLIST_KEY_UIApplicationSceneManifest_Generation[sdk=iphonesimulator*]" = YES;
				"INFOPLIST_KEY_UIApplicationSupportsIndirectInputEvents[sdk=iphoneos*]" = YES;
				"INFOPLIST_KEY_UIApplicationSupportsIndirectInputEvents[sdk=iphonesimulator*]" = YES;
				"INFOPLIST_KEY_UILaunchScreen_Generation[sdk=iphoneos*]" = YES;
				"INFOPLIST_KEY_UILaunchScreen_Generation[sdk=iphonesimulator*]" = YES;
				"INFOPLIST_KEY_UIStatusBarStyle[sdk=iphoneos*]" = UIStatusBarStyleDefault;
				"INFOPLIST_KEY_UIStatusBarStyle[sdk=iphonesimulator*]" = UIStatusBarStyleDefault;
				INFOPLIST_KEY_UISupportedInterfaceOrientations = UIInterfaceOrientationPortrait;
				INFOPLIST_KEY_UISupportedInterfaceOrientations_iPad = "UIInterfaceOrientationLandscapeLeft UIInterfaceOrientationLandscapeRight UIInterfaceOrientationPortrait UIInterfaceOrientationPortraitUpsideDown";
				IPHONEOS_DEPLOYMENT_TARGET = 17.5;
				LD_RUNPATH_SEARCH_PATHS = "@executable_path/Frameworks";
				"LD_RUNPATH_SEARCH_PATHS[sdk=macosx*]" = "@executable_path/../Frameworks";
				MACOSX_DEPLOYMENT_TARGET = 14.5;
				MARKETING_VERSION = 1.0;
				PRODUCT_BUNDLE_IDENTIFIER = leowirasanto.ECommerceLike;
				PRODUCT_NAME = "$(TARGET_NAME)";
				SDKROOT = auto;
				SUPPORTED_PLATFORMS = "iphoneos iphonesimulator";
				SUPPORTS_MACCATALYST = NO;
				SWIFT_EMIT_LOC_STRINGS = YES;
				SWIFT_VERSION = 5.0;
				TARGETED_DEVICE_FAMILY = 1;
			};
			name = Release;
		};
/* End XCBuildConfiguration section */

/* Begin XCConfigurationList section */
		6011DD452C58C7C200CC5975 /* Build configuration list for PBXProject "ECommerceLike" */ = {
			isa = XCConfigurationList;
			buildConfigurations = (
				6011DD572C58C7C400CC5975 /* Debug */,
				6011DD582C58C7C400CC5975 /* Release */,
			);
			defaultConfigurationIsVisible = 0;
			defaultConfigurationName = Release;
		};
		6011DD592C58C7C400CC5975 /* Build configuration list for PBXNativeTarget "ECommerceLike" */ = {
			isa = XCConfigurationList;
			buildConfigurations = (
				6011DD5A2C58C7C400CC5975 /* Debug */,
				6011DD5B2C58C7C400CC5975 /* Release */,
			);
			defaultConfigurationIsVisible = 0;
			defaultConfigurationName = Release;
		};
/* End XCConfigurationList section */
	};
	rootObject = 6011DD422C58C7C200CC5975 /* Project object */;
}
